
Microsoft Visual Studio Solution File, Format Version 12.00
# Visual Studio Version 17
VisualStudioVersion = 17.11.35327.3
MinimumVisualStudioVersion = 10.0.40219.1
Project("{FAE04EC0-301F-11D3-BF4B-00C04F79EFBC}") = "DSED_M07_TraitementCommande_producteur", "DSED_M07_TraitementCommande\DSED_M07_TraitementCommande_producteur.csproj", "{EC71536D-C527-4119-9E96-0D4C0126FEF7}"
EndProject
Project("{FAE04EC0-301F-11D3-BF4B-00C04F79EFBC}") = "DSED_M07_TraitementCommande_journal", "DSED_M07_TraitementCommande_journal\DSED_M07_TraitementCommande_journal.csproj", "{FC1D147D-B36B-4373-831F-C3D58A5E56DA}"
EndProject
Project("{FAE04EC0-301F-11D3-BF4B-00C04F79EFBC}") = "DSED_M07_TraitementCommande_facturation", "DSED_M07_TraitementCommande_facturation\DSED_M07_TraitementCommande_facturation.csproj", "{98735D47-2D8C-4F73-8051-89C43CE27FAE}"
EndProject
Project("{FAE04EC0-301F-11D3-BF4B-00C04F79EFBC}") = "DSED_M07_TraitementCommande_Expedition", "DSED_M07_TraitementCommande_Expedition\DSED_M07_TraitementCommande_Expedition.csproj", "{B0413DF3-350E-40E5-A440-C3FD5E599B1D}"
EndProject
Project("{FAE04EC0-301F-11D3-BF4B-00C04F79EFBC}") = "DSED_M07_TraitementCommande_CourrielsPremium", "DSED_M07_TraitementCommande_CourrielsPremium\DSED_M07_TraitementCommande_CourrielsPremium.csproj", "{C4EDE074-4973-4FAF-A3AD-DF77E7818885}"
EndProject
Global
	GlobalSection(SolutionConfigurationPlatforms) = preSolution
		Debug|Any CPU = Debug|Any CPU
		Release|Any CPU = Release|Any CPU
	EndGlobalSection
	GlobalSection(ProjectConfigurationPlatforms) = postSolution
		{EC71536D-C527-4119-9E96-0D4C0126FEF7}.Debug|Any CPU.ActiveCfg = Debug|Any CPU
		{EC71536D-C527-4119-9E96-0D4C0126FEF7}.Debug|Any CPU.Build.0 = Debug|Any CPU
		{EC71536D-C527-4119-9E96-0D4C0126FEF7}.Release|Any CPU.ActiveCfg = Release|Any CPU
		{EC71536D-C527-4119-9E96-0D4C0126FEF7}.Release|Any CPU.Build.0 = Release|Any CPU
		{FC1D147D-B36B-4373-831F-C3D58A5E56DA}.Debug|Any CPU.ActiveCfg = Debug|Any CPU
		{FC1D147D-B36B-4373-831F-C3D58A5E56DA}.Debug|Any CPU.Build.0 = Debug|Any CPU
		{FC1D147D-B36B-4373-831F-C3D58A5E56DA}.Release|Any CPU.ActiveCfg = Release|Any CPU
		{FC1D147D-B36B-4373-831F-C3D58A5E56DA}.Release|Any CPU.Build.0 = Release|Any CPU
		{98735D47-2D8C-4F73-8051-89C43CE27FAE}.Debug|Any CPU.ActiveCfg = Debug|Any CPU
		{98735D47-2D8C-4F73-8051-89C43CE27FAE}.Debug|Any CPU.Build.0 = Debug|Any CPU
		{98735D47-2D8C-4F73-8051-89C43CE27FAE}.Release|Any CPU.ActiveCfg = Release|Any CPU
		{98735D47-2D8C-4F73-8051-89C43CE27FAE}.Release|Any CPU.Build.0 = Release|Any CPU
		{B0413DF3-350E-40E5-A440-C3FD5E599B1D}.Debug|Any CPU.ActiveCfg = Debug|Any CPU
		{B0413DF3-350E-40E5-A440-C3FD5E599B1D}.Debug|Any CPU.Build.0 = Debug|Any CPU
		{B0413DF3-350E-40E5-A440-C3FD5E599B1D}.Release|Any CPU.ActiveCfg = Release|Any CPU
		{B0413DF3-350E-40E5-A440-C3FD5E599B1D}.Release|Any CPU.Build.0 = Release|Any CPU
		{C4EDE074-4973-4FAF-A3AD-DF77E7818885}.Debug|Any CPU.ActiveCfg = Debug|Any CPU
		{C4EDE074-4973-4FAF-A3AD-DF77E7818885}.Debug|Any CPU.Build.0 = Debug|Any CPU
		{C4EDE074-4973-4FAF-A3AD-DF77E7818885}.Release|Any CPU.ActiveCfg = Release|Any CPU
		{C4EDE074-4973-4FAF-A3AD-DF77E7818885}.Release|Any CPU.Build.0 = Release|Any CPU
	EndGlobalSection
	GlobalSection(SolutionProperties) = preSolution
		HideSolutionNode = FALSE
	EndGlobalSection
	GlobalSection(ExtensibilityGlobals) = postSolution
		SolutionGuid = {DC14E831-6697-479F-A2FE-9780B37FB04E}
	EndGlobalSection
EndGlobal
