
Microsoft Visual Studio Solution File, Format Version 12.00
# Visual Studio Version 17
VisualStudioVersion = 17.11.35327.3
MinimumVisualStudioVersion = 10.0.40219.1
Project("{FAE04EC0-301F-11D3-BF4B-00C04F79EFBC}") = "M06_Clients_Producteur_UI", "DSED_M06_Clients\M06_Clients_Producteur_UI.csproj", "{28150349-963D-42C1-A22E-4A211688EE60}"
EndProject
Project("{FAE04EC0-301F-11D3-BF4B-00C04F79EFBC}") = "M06_Clients_Consommateur", "M06_Clients_Consommateur\M06_Clients_Consommateur.csproj", "{B456FA7B-5A42-4C95-8950-ADB714AB11B4}"
EndProject
Project("{FAE04EC0-301F-11D3-BF4B-00C04F79EFBC}") = "M06_MessageClient", "M06_MessageClient\M06_MessageClient.csproj", "{1873CA96-B94F-4C38-B5B8-F3773CA34BFE}"
EndProject
Project("{FAE04EC0-301F-11D3-BF4B-00C04F79EFBC}") = "M06_CasUtilisation_Clients", "M06_CasUtilisation_Clients\M06_CasUtilisation_Clients.csproj", "{A1DA83B8-7C95-40B1-9637-64E99D7E5E53}"
EndProject
Project("{FAE04EC0-301F-11D3-BF4B-00C04F79EFBC}") = "M06_DAL_Client_SQLServeur", "M06_DAL_Client_SQLServeur\M06_DAL_Client_SQLServeur.csproj", "{B3E6BCC7-C906-4A5B-AC6D-9BA347BF1705}"
EndProject
Global
	GlobalSection(SolutionConfigurationPlatforms) = preSolution
		Debug|Any CPU = Debug|Any CPU
		Release|Any CPU = Release|Any CPU
	EndGlobalSection
	GlobalSection(ProjectConfigurationPlatforms) = postSolution
		{28150349-963D-42C1-A22E-4A211688EE60}.Debug|Any CPU.ActiveCfg = Debug|Any CPU
		{28150349-963D-42C1-A22E-4A211688EE60}.Debug|Any CPU.Build.0 = Debug|Any CPU
		{28150349-963D-42C1-A22E-4A211688EE60}.Release|Any CPU.ActiveCfg = Release|Any CPU
		{28150349-963D-42C1-A22E-4A211688EE60}.Release|Any CPU.Build.0 = Release|Any CPU
		{B456FA7B-5A42-4C95-8950-ADB714AB11B4}.Debug|Any CPU.ActiveCfg = Debug|Any CPU
		{B456FA7B-5A42-4C95-8950-ADB714AB11B4}.Debug|Any CPU.Build.0 = Debug|Any CPU
		{B456FA7B-5A42-4C95-8950-ADB714AB11B4}.Release|Any CPU.ActiveCfg = Release|Any CPU
		{B456FA7B-5A42-4C95-8950-ADB714AB11B4}.Release|Any CPU.Build.0 = Release|Any CPU
		{1873CA96-B94F-4C38-B5B8-F3773CA34BFE}.Debug|Any CPU.ActiveCfg = Debug|Any CPU
		{1873CA96-B94F-4C38-B5B8-F3773CA34BFE}.Debug|Any CPU.Build.0 = Debug|Any CPU
		{1873CA96-B94F-4C38-B5B8-F3773CA34BFE}.Release|Any CPU.ActiveCfg = Release|Any CPU
		{1873CA96-B94F-4C38-B5B8-F3773CA34BFE}.Release|Any CPU.Build.0 = Release|Any CPU
		{A1DA83B8-7C95-40B1-9637-64E99D7E5E53}.Debug|Any CPU.ActiveCfg = Debug|Any CPU
		{A1DA83B8-7C95-40B1-9637-64E99D7E5E53}.Debug|Any CPU.Build.0 = Debug|Any CPU
		{A1DA83B8-7C95-40B1-9637-64E99D7E5E53}.Release|Any CPU.ActiveCfg = Release|Any CPU
		{A1DA83B8-7C95-40B1-9637-64E99D7E5E53}.Release|Any CPU.Build.0 = Release|Any CPU
		{B3E6BCC7-C906-4A5B-AC6D-9BA347BF1705}.Debug|Any CPU.ActiveCfg = Debug|Any CPU
		{B3E6BCC7-C906-4A5B-AC6D-9BA347BF1705}.Debug|Any CPU.Build.0 = Debug|Any CPU
		{B3E6BCC7-C906-4A5B-AC6D-9BA347BF1705}.Release|Any CPU.ActiveCfg = Release|Any CPU
		{B3E6BCC7-C906-4A5B-AC6D-9BA347BF1705}.Release|Any CPU.Build.0 = Release|Any CPU
	EndGlobalSection
	GlobalSection(SolutionProperties) = preSolution
		HideSolutionNode = FALSE
	EndGlobalSection
	GlobalSection(ExtensibilityGlobals) = postSolution
		SolutionGuid = {4FC5717A-79CC-4C3A-98FA-02510EE8E338}
	EndGlobalSection
EndGlobal
